
Microsoft Visual Studio Solution File, Format Version 12.00
# Visual Studio Version 17
VisualStudioVersion = 17.6.33717.318
MinimumVisualStudioVersion = 10.0.40219.1
Project("{FAE04EC0-301F-11D3-BF4B-00C04F79EFBC}") = "Recursion", "Recursion\Recursion.csproj", "{4259C1E5-E315-4642-868D-955C2B41A99B}"
EndProject
Global
	GlobalSection(SolutionConfigurationPlatforms) = preSolution
		Debug|Any CPU = Debug|Any CPU
		Release|Any CPU = Release|Any CPU
	EndGlobalSection
	GlobalSection(ProjectConfigurationPlatforms) = postSolution
		{4259C1E5-E315-4642-868D-955C2B41A99B}.Debug|Any CPU.ActiveCfg = Debug|Any CPU
		{4259C1E5-E315-4642-868D-955C2B41A99B}.Debug|Any CPU.Build.0 = Debug|Any CPU
		{4259C1E5-E315-4642-868D-955C2B41A99B}.Release|Any CPU.ActiveCfg = Release|Any CPU
		{4259C1E5-E315-4642-868D-955C2B41A99B}.Release|Any CPU.Build.0 = Release|Any CPU
	EndGlobalSection
	GlobalSection(SolutionProperties) = preSolution
		HideSolutionNode = FALSE
	EndGlobalSection
	GlobalSection(ExtensibilityGlobals) = postSolution
		SolutionGuid = {D39CFA19-2117-4970-8489-138F69B7BCA3}
	EndGlobalSection
EndGlobal
